<?xml version="1.0" encoding="utf-8"?>
<Project ToolsVersion="4.0" xmlns="http://schemas.microsoft.com/developer/msbuild/2003">
  <ItemGroup>
    <ClCompile Include="..\src\common.cpp" />
    <ClCompile Include="..\src\imgui\imgui_impl_dx10.cpp">
      <Filter>imgui</Filter>
    </ClCompile>
    <ClCompile Include="..\src\imgui\imgui_impl_dx11.cpp">
      <Filter>imgui</Filter>
    </ClCompile>
    <ClCompile Include="..\src\imgui\imgui_impl_dx12.cpp">
      <Filter>imgui</Filter>
    </ClCompile>
    <ClCompile Include="..\src\imgui\imgui_impl_freeglut.cpp">
      <Filter>imgui</Filter>
    </ClCompile>
    <ClCompile Include="..\src\imgui\imgui_impl_glfw.cpp">
      <Filter>imgui</Filter>
    </ClCompile>
    <ClCompile Include="..\src\imgui\imgui_impl_marmalade.cpp">
      <Filter>imgui</Filter>
    </ClCompile>
    <ClCompile Include="..\src\imgui\imgui_impl_opengl2.cpp">
      <Filter>imgui</Filter>
    </ClCompile>
    <ClCompile Include="..\src\imgui\imgui_impl_opengl3.cpp">
      <Filter>imgui</Filter>
    </ClCompile>
    <ClCompile Include="..\src\imgui\imgui_impl_sdl.cpp">
      <Filter>imgui</Filter>
    </ClCompile>
    <ClCompile Include="..\src\imgui\imgui_impl_vulkan.cpp">
      <Filter>imgui</Filter>
    </ClCompile>
    <ClCompile Include="..\src\imgui\imgui_impl_win32.cpp">
      <Filter>imgui</Filter>
    </ClCompile>
    <ClCompile Include="..\src\imgui\imgui_widgets.cpp">
      <Filter>imgui</Filter>
    </ClCompile>
    <ClCompile Include="..\src\imgui\imgui.cpp">
      <Filter>imgui</Filter>
    </ClCompile>
    <ClCompile Include="..\src\imgui\imgui_draw.cpp">
      <Filter>imgui</Filter>
    </ClCompile>
    <ClCompile Include="..\src\imgui\imgui_impl_allegro5.cpp">
      <Filter>imgui</Filter>
    </ClCompile>
    <ClCompile Include="..\src\imgui\imgui_impl_dx9.cpp">
      <Filter>imgui</Filter>
    </ClCompile>
    <ClCompile Include="..\src\iniFile.cpp">
      <Filter>fileIO</Filter>
    </ClCompile>
    <ClCompile Include="..\src\shader.cpp">
      <Filter>drawing</Filter>
    </ClCompile>
    <ClCompile Include="..\src\program.cpp">
      <Filter>drawing</Filter>
    </ClCompile>
    <ClCompile Include="..\src\vertexBuffer.cpp">
      <Filter>drawing</Filter>
    </ClCompile>
    <ClCompile Include="..\src\stitchingTool.cpp" />
    <ClCompile Include="..\src\pattern.cpp">
      <Filter>patterns</Filter>
    </ClCompile>
    <ClCompile Include="..\src\trackball.cpp">
      <Filter>tools</Filter>
    </ClCompile>
  </ItemGroup>
  <ItemGroup>
    <ClInclude Include="..\src\common.h" />
    <ClInclude Include="..\src\imgui\imgui_impl_dx9.h">
      <Filter>imgui</Filter>
    </ClInclude>
    <ClInclude Include="..\src\imgui\imgui_impl_dx10.h">
      <Filter>imgui</Filter>
    </ClInclude>
    <ClInclude Include="..\src\imgui\imgui_impl_dx11.h">
      <Filter>imgui</Filter>
    </ClInclude>
    <ClInclude Include="..\src\imgui\imgui_impl_dx12.h">
      <Filter>imgui</Filter>
    </ClInclude>
    <ClInclude Include="..\src\imgui\imgui_impl_freeglut.h">
      <Filter>imgui</Filter>
    </ClInclude>
    <ClInclude Include="..\src\imgui\imgui_impl_glfw.h">
      <Filter>imgui</Filter>
    </ClInclude>
    <ClInclude Include="..\src\imgui\imgui_impl_marmalade.h">
      <Filter>imgui</Filter>
    </ClInclude>
    <ClInclude Include="..\src\imgui\imgui_impl_metal.h">
      <Filter>imgui</Filter>
    </ClInclude>
    <ClInclude Include="..\src\imgui\imgui_impl_opengl2.h">
      <Filter>imgui</Filter>
    </ClInclude>
    <ClInclude Include="..\src\imgui\imgui_impl_opengl3.h">
      <Filter>imgui</Filter>
    </ClInclude>
    <ClInclude Include="..\src\imgui\imgui_impl_osx.h">
      <Filter>imgui</Filter>
    </ClInclude>
    <ClInclude Include="..\src\imgui\imgui_impl_sdl.h">
      <Filter>imgui</Filter>
    </ClInclude>
    <ClInclude Include="..\src\imgui\imgui_impl_vulkan.h">
      <Filter>imgui</Filter>
    </ClInclude>
    <ClInclude Include="..\src\imgui\imgui_impl_win32.h">
      <Filter>imgui</Filter>
    </ClInclude>
    <ClInclude Include="..\src\imgui\imgui_internal.h">
      <Filter>imgui</Filter>
    </ClInclude>
    <ClInclude Include="..\src\imgui\imstb_rectpack.h">
      <Filter>imgui</Filter>
    </ClInclude>
    <ClInclude Include="..\src\imgui\imstb_textedit.h">
      <Filter>imgui</Filter>
    </ClInclude>
    <ClInclude Include="..\src\imgui\imstb_truetype.h">
      <Filter>imgui</Filter>
    </ClInclude>
    <ClInclude Include="..\src\imgui\imconfig.h">
      <Filter>imgui</Filter>
    </ClInclude>
    <ClInclude Include="..\src\imgui\imgui.h">
      <Filter>imgui</Filter>
    </ClInclude>
    <ClInclude Include="..\src\imgui\imgui_impl_allegro5.h">
      <Filter>imgui</Filter>
    </ClInclude>
    <ClInclude Include="..\src\iniFile.h">
      <Filter>fileIO</Filter>
    </ClInclude>
    <ClInclude Include="..\src\shader.h">
      <Filter>drawing</Filter>
    </ClInclude>
    <ClInclude Include="..\src\program.h">
      <Filter>drawing</Filter>
    </ClInclude>
    <ClInclude Include="..\src\vertexBuffer.h">
      <Filter>drawing</Filter>
    </ClInclude>
    <ClInclude Include="..\src\pattern.h">
      <Filter>patterns</Filter>
    </ClInclude>
    <ClInclude Include="..\src\trackball.h">
      <Filter>tools</Filter>
    </ClInclude>
  </ItemGroup>
  <ItemGroup>
    <Filter Include="imgui">
      <UniqueIdentifier>{4c794314-d304-4fbd-a65b-a315f042c487}</UniqueIdentifier>
    </Filter>
    <Filter Include="fileIO">
      <UniqueIdentifier>{d02d57c6-ffc3-49e7-8c8d-52c989e24a5e}</UniqueIdentifier>
    </Filter>
    <Filter Include="drawing">
      <UniqueIdentifier>{ac574310-effe-4244-bb41-9bdac9187763}</UniqueIdentifier>
    </Filter>
    <Filter Include="drawing\shaders">
      <UniqueIdentifier>{a557a251-3070-4766-8f54-d32a91a23916}</UniqueIdentifier>
    </Filter>
    <Filter Include="patterns">
      <UniqueIdentifier>{255ca39d-1edc-4cb6-82f7-b6e5e92d0ef8}</UniqueIdentifier>
    </Filter>
    <Filter Include="tools">
      <UniqueIdentifier>{08df9ad7-2553-476b-b29f-35f076639e28}</UniqueIdentifier>
    </Filter>
  </ItemGroup>
  <ItemGroup>
    <None Include="..\shaders\passthrough.vert">
      <Filter>drawing\shaders</Filter>
    </None>
    <None Include="..\shaders\passthrough.frag">
      <Filter>drawing\shaders</Filter>
    </None>
    <None Include="..\shaders\singleChannel.frag">
      <Filter>drawing\shaders</Filter>
    </None>
    <None Include="..\shaders\multiChannel.frag">
      <Filter>drawing\shaders</Filter>
    </None>
    <None Include="..\README.md" />
  </ItemGroup>
</Project>